
Microsoft Visual Studio Solution File, Format Version 12.00
# Visual Studio Version 16
VisualStudioVersion = 16.0.30717.126
MinimumVisualStudioVersion = 10.0.40219.1
Project("{FAE04EC0-301F-11D3-BF4B-00C04F79EFBC}") = "SyberiaServerManager", "manager\SyberiaServerManager.csproj", "{953C5A85-D76D-4BF8-AD22-0282F1515072}"
	ProjectSection(ProjectDependencies) = postProject
		{BC6662D0-7B15-42AA-8827-E211ED4D43D7} = {BC6662D0-7B15-42AA-8827-E211ED4D43D7}
		{C4FE0DF6-94C0-4181-A502-5C0E694BD8F7} = {C4FE0DF6-94C0-4181-A502-5C0E694BD8F7}
	EndProjectSection
EndProject
Project("{FAE04EC0-301F-11D3-BF4B-00C04F79EFBC}") = "SyberiaWebPanel", "webpanel\SyberiaWebPanel.csproj", "{BC6662D0-7B15-42AA-8827-E211ED4D43D7}"
	ProjectSection(ProjectDependencies) = postProject
		{C4FE0DF6-94C0-4181-A502-5C0E694BD8F7} = {C4FE0DF6-94C0-4181-A502-5C0E694BD8F7}
	EndProjectSection
EndProject
Project("{FAE04EC0-301F-11D3-BF4B-00C04F79EFBC}") = "SyberiaDatabase", "database\SyberiaDatabase.csproj", "{C4FE0DF6-94C0-4181-A502-5C0E694BD8F7}"
EndProject
Global
	GlobalSection(SolutionConfigurationPlatforms) = preSolution
		Debug|Any CPU = Debug|Any CPU
		Release|Any CPU = Release|Any CPU
	EndGlobalSection
	GlobalSection(ProjectConfigurationPlatforms) = postSolution
		{953C5A85-D76D-4BF8-AD22-0282F1515072}.Debug|Any CPU.ActiveCfg = Debug|Any CPU
		{953C5A85-D76D-4BF8-AD22-0282F1515072}.Debug|Any CPU.Build.0 = Debug|Any CPU
		{953C5A85-D76D-4BF8-AD22-0282F1515072}.Release|Any CPU.ActiveCfg = Release|Any CPU
		{953C5A85-D76D-4BF8-AD22-0282F1515072}.Release|Any CPU.Build.0 = Release|Any CPU
		{BC6662D0-7B15-42AA-8827-E211ED4D43D7}.Debug|Any CPU.ActiveCfg = Debug|Any CPU
		{BC6662D0-7B15-42AA-8827-E211ED4D43D7}.Debug|Any CPU.Build.0 = Debug|Any CPU
		{BC6662D0-7B15-42AA-8827-E211ED4D43D7}.Release|Any CPU.ActiveCfg = Release|Any CPU
		{BC6662D0-7B15-42AA-8827-E211ED4D43D7}.Release|Any CPU.Build.0 = Release|Any CPU
		{C4FE0DF6-94C0-4181-A502-5C0E694BD8F7}.Debug|Any CPU.ActiveCfg = Debug|Any CPU
		{C4FE0DF6-94C0-4181-A502-5C0E694BD8F7}.Debug|Any CPU.Build.0 = Debug|Any CPU
		{C4FE0DF6-94C0-4181-A502-5C0E694BD8F7}.Release|Any CPU.ActiveCfg = Release|Any CPU
		{C4FE0DF6-94C0-4181-A502-5C0E694BD8F7}.Release|Any CPU.Build.0 = Release|Any CPU
	EndGlobalSection
	GlobalSection(SolutionProperties) = preSolution
		HideSolutionNode = FALSE
	EndGlobalSection
	GlobalSection(ExtensibilityGlobals) = postSolution
		SolutionGuid = {71FBC0D0-453D-42B7-A7F8-C63CCC4DA623}
	EndGlobalSection
EndGlobal
