
Microsoft Visual Studio Solution File, Format Version 12.00
# Visual Studio Version 16
VisualStudioVersion = 16.0.29123.88
MinimumVisualStudioVersion = 10.0.40219.1
Project("{FAE04EC0-301F-11D3-BF4B-00C04F79EFBC}") = "SyberiaServerManager", "SyberiaServerManager.csproj", "{953C5A85-D76D-4BF8-AD22-0282F1515072}"
EndProject
Global
	GlobalSection(SolutionConfigurationPlatforms) = preSolution
		Debug|Any CPU = Debug|Any CPU
		Release|Any CPU = Release|Any CPU
	EndGlobalSection
	GlobalSection(ProjectConfigurationPlatforms) = postSolution
		{953C5A85-D76D-4BF8-AD22-0282F1515072}.Debug|Any CPU.ActiveCfg = Debug|Any CPU
		{953C5A85-D76D-4BF8-AD22-0282F1515072}.Debug|Any CPU.Build.0 = Debug|Any CPU
		{953C5A85-D76D-4BF8-AD22-0282F1515072}.Release|Any CPU.ActiveCfg = Release|Any CPU
		{953C5A85-D76D-4BF8-AD22-0282F1515072}.Release|Any CPU.Build.0 = Release|Any CPU
	EndGlobalSection
	GlobalSection(SolutionProperties) = preSolution
		HideSolutionNode = FALSE
	EndGlobalSection
	GlobalSection(ExtensibilityGlobals) = postSolution
		SolutionGuid = {58D1FBD2-AFDD-42F4-96C1-9A5D384CDFC4}
	EndGlobalSection
EndGlobal
